// !$*UTF8*$!
{
	archiveVersion = 1;
	classes = {
	};
	objectVersion = 50;
	objects = {

/* Begin PBXBuildFile section */
		04757D022503A6E7000AEEBB /* AppDelegate.swift in Sources */ = {isa = PBXBuildFile; fileRef = 04757D012503A6E7000AEEBB /* AppDelegate.swift */; };
		04757D042503A6E7000AEEBB /* SceneDelegate.swift in Sources */ = {isa = PBXBuildFile; fileRef = 04757D032503A6E7000AEEBB /* SceneDelegate.swift */; };
		04757D062503A6E7000AEEBB /* ViewController.swift in Sources */ = {isa = PBXBuildFile; fileRef = 04757D052503A6E7000AEEBB /* ViewController.swift */; };
		04757D092503A6E7000AEEBB /* Main.storyboard in Resources */ = {isa = PBXBuildFile; fileRef = 04757D072503A6E7000AEEBB /* Main.storyboard */; };
		04757D0B2503A6E9000AEEBB /* Assets.xcassets in Resources */ = {isa = PBXBuildFile; fileRef = 04757D0A2503A6E9000AEEBB /* Assets.xcassets */; };
		04757D0E2503A6E9000AEEBB /* LaunchScreen.storyboard in Resources */ = {isa = PBXBuildFile; fileRef = 04757D0C2503A6E9000AEEBB /* LaunchScreen.storyboard */; };
/* End PBXBuildFile section */

/* Begin PBXFileReference section */
		04757CFE2503A6E7000AEEBB /* youtube-clone.app */ = {isa = PBXFileReference; explicitFileType = wrapper.application; includeInIndex = 0; path = "youtube-clone.app"; sourceTree = BUILT_PRODUCTS_DIR; };
		04757D012503A6E7000AEEBB /* AppDelegate.swift */ = {isa = PBXFileReference; lastKnownFileType = sourcecode.swift; path = AppDelegate.swift; sourceTree = "<group>"; };
		04757D032503A6E7000AEEBB /* SceneDelegate.swift */ = {isa = PBXFileReference; lastKnownFileType = sourcecode.swift; path = SceneDelegate.swift; sourceTree = "<group>"; };
		04757D052503A6E7000AEEBB /* ViewController.swift */ = {isa = PBXFileReference; lastKnownFileType = sourcecode.swift; path = ViewController.swift; sourceTree = "<group>"; };
		04757D082503A6E7000AEEBB /* Base */ = {isa = PBXFileReference; lastKnownFileType = file.storyboard; name = Base; path = Base.lproj/Main.storyboard; sourceTree = "<group>"; };
		04757D0A2503A6E9000AEEBB /* Assets.xcassets */ = {isa = PBXFileReference; lastKnownFileType = folder.assetcatalog; path = Assets.xcassets; sourceTree = "<group>"; };
		04757D0D2503A6E9000AEEBB /* Base */ = {isa = PBXFileReference; lastKnownFileType = file.storyboard; name = Base; path = Base.lproj/LaunchScreen.storyboard; sourceTree = "<group>"; };
		04757D0F2503A6E9000AEEBB /* Info.plist */ = {isa = PBXFileReference; lastKnownFileType = text.plist.xml; path = Info.plist; sourceTree = "<group>"; };
/* End PBXFileReference section */

/* Begin PBXFrameworksBuildPhase section */
		04757CFB2503A6E7000AEEBB /* Frameworks */ = {
			isa = PBXFrameworksBuildPhase;
			buildActionMask = 2147483647;
			files = (
			);
			runOnlyForDeploymentPostprocessing = 0;
		};
/* End PBXFrameworksBuildPhase section */

/* Begin PBXGroup section */
		04757CF52503A6E7000AEEBB = {
			isa = PBXGroup;
			children = (
				04757D002503A6E7000AEEBB /* youtube-clone */,
				04757CFF2503A6E7000AEEBB /* Products */,
			);
			sourceTree = "<group>";
		};
		04757CFF2503A6E7000AEEBB /* Products */ = {
			isa = PBXGroup;
			children = (
				04757CFE2503A6E7000AEEBB /* youtube-clone.app */,
			);
			name = Products;
			sourceTree = "<group>";
		};
		04757D002503A6E7000AEEBB /* youtube-clone */ = {
			isa = PBXGroup;
			children = (
				04757D012503A6E7000AEEBB /* AppDelegate.swift */,
				04757D032503A6E7000AEEBB /* SceneDelegate.swift */,
				04757D052503A6E7000AEEBB /* ViewController.swift */,
				04757D072503A6E7000AEEBB /* Main.storyboard */,
				04757D0A2503A6E9000AEEBB /* Assets.xcassets */,
				04757D0C2503A6E9000AEEBB /* LaunchScreen.storyboard */,
				04757D0F2503A6E9000AEEBB /* Info.plist */,
			);
			path = "youtube-clone";
			sourceTree = "<group>";
		};
/* End PBXGroup section */

/* Begin PBXNativeTarget section */
		04757CFD2503A6E7000AEEBB /* youtube-clone */ = {
			isa = PBXNativeTarget;
			buildConfigurationList = 04757D122503A6E9000AEEBB /* Build configuration list for PBXNativeTarget "youtube-clone" */;
			buildPhases = (
				04757CFA2503A6E7000AEEBB /* Sources */,
				04757CFB2503A6E7000AEEBB /* Frameworks */,
				04757CFC2503A6E7000AEEBB /* Resources */,
			);
			buildRules = (
			);
			dependencies = (
			);
			name = "youtube-clone";
			productName = "youtube-clone";
			productReference = 04757CFE2503A6E7000AEEBB /* youtube-clone.app */;
			productType = "com.apple.product-type.application";
		};
/* End PBXNativeTarget section */

/* Begin PBXProject section */
		04757CF62503A6E7000AEEBB /* Project object */ = {
			isa = PBXProject;
			attributes = {
				LastSwiftUpdateCheck = 1160;
				LastUpgradeCheck = 1160;
				ORGANIZATIONNAME = waheedCodes;
				TargetAttributes = {
					04757CFD2503A6E7000AEEBB = {
						CreatedOnToolsVersion = 11.6;
					};
				};
			};
			buildConfigurationList = 04757CF92503A6E7000AEEBB /* Build configuration list for PBXProject "youtube-clone" */;
			compatibilityVersion = "Xcode 9.3";
			developmentRegion = en;
			hasScannedForEncodings = 0;
			knownRegions = (
				en,
				Base,
			);
			mainGroup = 04757CF52503A6E7000AEEBB;
			productRefGroup = 04757CFF2503A6E7000AEEBB /* Products */;
			projectDirPath = "";
			projectRoot = "";
			targets = (
				04757CFD2503A6E7000AEEBB /* youtube-clone */,
			);
		};
/* End PBXProject section */

/* Begin PBXResourcesBuildPhase section */
		04757CFC2503A6E7000AEEBB /* Resources */ = {
			isa = PBXResourcesBuildPhase;
			buildActionMask = 2147483647;
			files = (
				04757D0E2503A6E9000AEEBB /* LaunchScreen.storyboard in Resources */,
				04757D0B2503A6E9000AEEBB /* Assets.xcassets in Resources */,
				04757D092503A6E7000AEEBB /* Main.storyboard in Resources */,
			);
			runOnlyForDeploymentPostprocessing = 0;
		};
/* End PBXResourcesBuildPhase section */

/* Begin PBXSourcesBuildPhase section */
		04757CFA2503A6E7000AEEBB /* Sources */ = {
			isa = PBXSourcesBuildPhase;
			buildActionMask = 2147483647;
			files = (
				04757D062503A6E7000AEEBB /* ViewController.swift in Sources */,
				04757D022503A6E7000AEEBB /* AppDelegate.swift in Sources */,
				04757D042503A6E7000AEEBB /* SceneDelegate.swift in Sources */,
			);
			runOnlyForDeploymentPostprocessing = 0;
		};
/* End PBXSourcesBuildPhase section */

/* Begin PBXVariantGroup section */
		04757D072503A6E7000AEEBB /* Main.storyboard */ = {
			isa = PBXVariantGroup;
			children = (
				04757D082503A6E7000AEEBB /* Base */,
			);
			name = Main.storyboard;
			sourceTree = "<group>";
		};
		04757D0C2503A6E9000AEEBB /* LaunchScreen.storyboard */ = {
			isa = PBXVariantGroup;
			children = (
				04757D0D2503A6E9000AEEBB /* Base */,
			);
			name = LaunchScreen.storyboard;
			sourceTree = "<group>";
		};
/* End PBXVariantGroup section */

/* Begin XCBuildConfiguration section */
		04757D102503A6E9000AEEBB /* Debug */ = {
			isa = XCBuildConfiguration;
			buildSettings = {
				ALWAYS_SEARCH_USER_PATHS = NO;
				CLANG_ANALYZER_NONNULL = YES;
				CLANG_ANALYZER_NUMBER_OBJECT_CONVERSION = YES_AGGRESSIVE;
				CLANG_CXX_LANGUAGE_STANDARD = "gnu++14";
				CLANG_CXX_LIBRARY = "libc++";
				CLANG_ENABLE_MODULES = YES;
				CLANG_ENABLE_OBJC_ARC = YES;
				CLANG_ENABLE_OBJC_WEAK = YES;
				CLANG_WARN_BLOCK_CAPTURE_AUTORELEASING = YES;
				CLANG_WARN_BOOL_CONVERSION = YES;
				CLANG_WARN_COMMA = YES;
				CLANG_WARN_CONSTANT_CONVERSION = YES;
				CLANG_WARN_DEPRECATED_OBJC_IMPLEMENTATIONS = YES;
				CLANG_WARN_DIRECT_OBJC_ISA_USAGE = YES_ERROR;
				CLANG_WARN_DOCUMENTATION_COMMENTS = YES;
				CLANG_WARN_EMPTY_BODY = YES;
				CLANG_WARN_ENUM_CONVERSION = YES;
				CLANG_WARN_INFINITE_RECURSION = YES;
				CLANG_WARN_INT_CONVERSION = YES;
				CLANG_WARN_NON_LITERAL_NULL_CONVERSION = YES;
				CLANG_WARN_OBJC_IMPLICIT_RETAIN_SELF = YES;
				CLANG_WARN_OBJC_LITERAL_CONVERSION = YES;
				CLANG_WARN_OBJC_ROOT_CLASS = YES_ERROR;
				CLANG_WARN_RANGE_LOOP_ANALYSIS = YES;
				CLANG_WARN_STRICT_PROTOTYPES = YES;
				CLANG_WARN_SUSPICIOUS_MOVE = YES;
				CLANG_WARN_UNGUARDED_AVAILABILITY = YES_AGGRESSIVE;
				CLANG_WARN_UNREACHABLE_CODE = YES;
				CLANG_WARN__DUPLICATE_METHOD_MATCH = YES;
				COPY_PHASE_STRIP = NO;
				DEBUG_INFORMATION_FORMAT = dwarf;
				ENABLE_STRICT_OBJC_MSGSEND = YES;
				ENABLE_TESTABILITY = YES;
				GCC_C_LANGUAGE_STANDARD = gnu11;
				GCC_DYNAMIC_NO_PIC = NO;
				GCC_NO_COMMON_BLOCKS = YES;
				GCC_OPTIMIZATION_LEVEL = 0;
				GCC_PREPROCESSOR_DEFINITIONS = (
					"DEBUG=1",
					"$(inherited)",
				);
				GCC_WARN_64_TO_32_BIT_CONVERSION = YES;
				GCC_WARN_ABOUT_RETURN_TYPE = YES_ERROR;
				GCC_WARN_UNDECLARED_SELECTOR = YES;
				GCC_WARN_UNINITIALIZED_AUTOS = YES_AGGRESSIVE;
				GCC_WARN_UNUSED_FUNCTION = YES;
				GCC_WARN_UNUSED_VARIABLE = YES;
				IPHONEOS_DEPLOYMENT_TARGET = 13.6;
				MTL_ENABLE_DEBUG_INFO = INCLUDE_SOURCE;
				MTL_FAST_MATH = YES;
				ONLY_ACTIVE_ARCH = YES;
				SDKROOT = iphoneos;
				SWIFT_ACTIVE_COMPILATION_CONDITIONS = DEBUG;
				SWIFT_OPTIMIZATION_LEVEL = "-Onone";
			};
			name = Debug;
		};
		04757D112503A6E9000AEEBB /* Release */ = {
			isa = XCBuildConfiguration;
			buildSettings = {
				ALWAYS_SEARCH_USER_PATHS = NO;
				CLANG_ANALYZER_NONNULL = YES;
				CLANG_ANALYZER_NUMBER_OBJECT_CONVERSION = YES_AGGRESSIVE;
				CLANG_CXX_LANGUAGE_STANDARD = "gnu++14";
				CLANG_CXX_LIBRARY = "libc++";
				CLANG_ENABLE_MODULES = YES;
				CLANG_ENABLE_OBJC_ARC = YES;
				CLANG_ENABLE_OBJC_WEAK = YES;
				CLANG_WARN_BLOCK_CAPTURE_AUTORELEASING = YES;
				CLANG_WARN_BOOL_CONVERSION = YES;
				CLANG_WARN_COMMA = YES;
				CLANG_WARN_CONSTANT_CONVERSION = YES;
				CLANG_WARN_DEPRECATED_OBJC_IMPLEMENTATIONS = YES;
				CLANG_WARN_DIRECT_OBJC_ISA_USAGE = YES_ERROR;
				CLANG_WARN_DOCUMENTATION_COMMENTS = YES;
				CLANG_WARN_EMPTY_BODY = YES;
				CLANG_WARN_ENUM_CONVERSION = YES;
				CLANG_WARN_INFINITE_RECURSION = YES;
				CLANG_WARN_INT_CONVERSION = YES;
				CLANG_WARN_NON_LITERAL_NULL_CONVERSION = YES;
				CLANG_WARN_OBJC_IMPLICIT_RETAIN_SELF = YES;
				CLANG_WARN_OBJC_LITERAL_CONVERSION = YES;
				CLANG_WARN_OBJC_ROOT_CLASS = YES_ERROR;
				CLANG_WARN_RANGE_LOOP_ANALYSIS = YES;
				CLANG_WARN_STRICT_PROTOTYPES = YES;
				CLANG_WARN_SUSPICIOUS_MOVE = YES;
				CLANG_WARN_UNGUARDED_AVAILABILITY = YES_AGGRESSIVE;
				CLANG_WARN_UNREACHABLE_CODE = YES;
				CLANG_WARN__DUPLICATE_METHOD_MATCH = YES;
				COPY_PHASE_STRIP = NO;
				DEBUG_INFORMATION_FORMAT = "dwarf-with-dsym";
				ENABLE_NS_ASSERTIONS = NO;
				ENABLE_STRICT_OBJC_MSGSEND = YES;
				GCC_C_LANGUAGE_STANDARD = gnu11;
				GCC_NO_COMMON_BLOCKS = YES;
				GCC_WARN_64_TO_32_BIT_CONVERSION = YES;
				GCC_WARN_ABOUT_RETURN_TYPE = YES_ERROR;
				GCC_WARN_UNDECLARED_SELECTOR = YES;
				GCC_WARN_UNINITIALIZED_AUTOS = YES_AGGRESSIVE;
				GCC_WARN_UNUSED_FUNCTION = YES;
				GCC_WARN_UNUSED_VARIABLE = YES;
				IPHONEOS_DEPLOYMENT_TARGET = 13.6;
				MTL_ENABLE_DEBUG_INFO = NO;
				MTL_FAST_MATH = YES;
				SDKROOT = iphoneos;
				SWIFT_COMPILATION_MODE = wholemodule;
				SWIFT_OPTIMIZATION_LEVEL = "-O";
				VALIDATE_PRODUCT = YES;
			};
			name = Release;
		};
		04757D132503A6E9000AEEBB /* Debug */ = {
			isa = XCBuildConfiguration;
			buildSettings = {
				ASSETCATALOG_COMPILER_APPICON_NAME = AppIcon;
				CODE_SIGN_STYLE = Automatic;
				DEVELOPMENT_TEAM = 6ZPB2R3KP8;
				INFOPLIST_FILE = "youtube-clone/Info.plist";
				LD_RUNPATH_SEARCH_PATHS = (
					"$(inherited)",
					"@executable_path/Frameworks",
				);
				PRODUCT_BUNDLE_IDENTIFIER = "com.waheedcodes.youtube-clone";
				PRODUCT_NAME = "$(TARGET_NAME)";
				SWIFT_VERSION = 5.0;
				TARGETED_DEVICE_FAMILY = "1,2";
			};
			name = Debug;
		};
		04757D142503A6E9000AEEBB /* Release */ = {
			isa = XCBuildConfiguration;
			buildSettings = {
				ASSETCATALOG_COMPILER_APPICON_NAME = AppIcon;
				CODE_SIGN_STYLE = Automatic;
				DEVELOPMENT_TEAM = 6ZPB2R3KP8;
				INFOPLIST_FILE = "youtube-clone/Info.plist";
				LD_RUNPATH_SEARCH_PATHS = (
					"$(inherited)",
					"@executable_path/Frameworks",
				);
				PRODUCT_BUNDLE_IDENTIFIER = "com.waheedcodes.youtube-clone";
				PRODUCT_NAME = "$(TARGET_NAME)";
				SWIFT_VERSION = 5.0;
				TARGETED_DEVICE_FAMILY = "1,2";
			};
			name = Release;
		};
/* End XCBuildConfiguration section */

/* Begin XCConfigurationList section */
		04757CF92503A6E7000AEEBB /* Build configuration list for PBXProject "youtube-clone" */ = {
			isa = XCConfigurationList;
			buildConfigurations = (
				04757D102503A6E9000AEEBB /* Debug */,
				04757D112503A6E9000AEEBB /* Release */,
			);
			defaultConfigurationIsVisible = 0;
			defaultConfigurationName = Release;
		};
		04757D122503A6E9000AEEBB /* Build configuration list for PBXNativeTarget "youtube-clone" */ = {
			isa = XCConfigurationList;
			buildConfigurations = (
				04757D132503A6E9000AEEBB /* Debug */,
				04757D142503A6E9000AEEBB /* Release */,
			);
			defaultConfigurationIsVisible = 0;
			defaultConfigurationName = Release;
		};
/* End XCConfigurationList section */
	};
	rootObject = 04757CF62503A6E7000AEEBB /* Project object */;
}
